{
  "name": "umd",
  "version": "1.0.0",
  "lockfileVersion": 3,
  "requires": true,
  "packages": {
    "": {
      "name": "umd",
      "version": "1.0.0",
      "license": "MIT",
      "dependencies": {
        "funny-joke": "file:../../.."
      }
    },
    "../../..": {
      "version": "0.0.2",
      "license": "MIT",
      "dependencies": {
        "fsevents": "^2.3.3"
      },
      "devDependencies": {
        "prettier": "^3.0.3",
        "rollup": "^4.1.1"
      }
    },
    "node_modules/funny-joke": {
      "resolved": "../../..",
      "link": true
    }
  }
}
